# This file is autogenerated, do not edit; changes may be undone by the next 'dep ensure'.


[[projects]]
  digest = "1:f9ae348e1f793dcf9ed930ed47136a67343dbd6809c5c91391322267f4476892"
  name = "github.com/Microsoft/go-winio"
  packages = ["."]
  pruneopts = "UT"
  revision = "97e4973ce50b2ff5f09635a57e2b88a037aae829"
  version = "v0.4.11"

[[projects]]
  digest = "1:5155f7153c694dc8e2efd74d799a27fd54e65778fa3f0c3e17626df724857db9"
  name = "github.com/coreos/go-systemd"
  packages = ["activation"]
  pruneopts = "UT"
  revision = "39ca1b05acc7ad1220e09f133283b8859a8b71ab"
  version = "v17"

[[projects]]
  digest = "1:5a900d94d96d41ea116d7e6c46717fdf330f35d8bdd116798e2bc0c319f66565"
  name = "github.com/docker/go-connections"
  packages = ["sockets"]
  pruneopts = "UT"
  revision = "7395e3f8aa162843a74ed6d48e79627d9792ac55"
  version = "v0.4.0"

[[projects]]
  branch = "master"
  digest = "1:418e59fbe76f8b45aabdb869b4ff66501d0cffb4d4805ba9461d54227845ce71"
  name = "github.com/docker/go-plugins-helpers"
  packages = [
    "authorization",
    "sdk",
  ]
  pruneopts = "UT"
  revision = "39aeefe5db4eb2034cdc56ff43a86f63b4b543bc"

[[projects]]
  branch = "master"
  digest = "1:7d7858db1f9b43b69c2905bae2b5c8b8395f6d2093dbf147ffaeb424c34c4e81"
  name = "github.com/kvz/logstreamer"
  packages = ["."]
  pruneopts = "UT"
  revision = "a635b98146f0f465f3413a0b8ec481f3698d3fc2"

[[projects]]
  branch = "master"
  digest = "1:3fa70ba3ba75f47646d2a6ff518f46f3c4a215912eb6f9c26b6e956918038f01"
  name = "golang.org/x/net"
  packages = [
    "internal/socks",
    "proxy",
  ]
  pruneopts = "UT"
  revision = "2f5d2388922f370f4355f327fcf4cfe9f5583908"

[[projects]]
  branch = "master"
  digest = "1:29002e64d6ff5a3ca18805f6fa641be58a4d963026d83b051762faf58b6b893e"
  name = "golang.org/x/sys"
  packages = ["windows"]
  pruneopts = "UT"
  revision = "d47a0f3392421c5624713c9a19fe781f651f8a50"

[solve-meta]
  analyzer-name = "dep"
  analyzer-version = 1
  input-imports = [
    "github.com/docker/go-connections/sockets",
    "github.com/docker/go-plugins-helpers/authorization",
    "github.com/kvz/logstreamer",
  ]
  solver-name = "gps-cdcl"
  solver-version = 1
